
Microsoft Visual Studio Solution File, Format Version 12.00
# Visual Studio Version 16
VisualStudioVersion = 16.0.29519.181
MinimumVisualStudioVersion = 10.0.40219.1
Project("{9A19103F-16F7-4668-BE54-9A1E7A4F7556}") = "Beachlist", "Beachlist\Beachlist.csproj", "{97F1AA2A-E4C9-488E-BD9C-3AC6D9031C5B}"
	ProjectSection(ProjectDependencies) = postProject
		{CBE61FFD-E34F-4AC0-8079-030082EF8E30} = {CBE61FFD-E34F-4AC0-8079-030082EF8E30}
	EndProjectSection
EndProject
Project("{9A19103F-16F7-4668-BE54-9A1E7A4F7556}") = "Beachlist.Core", "Beachlist.Core\Beachlist.Core.csproj", "{CBE61FFD-E34F-4AC0-8079-030082EF8E30}"
EndProject
Global
	GlobalSection(SolutionConfigurationPlatforms) = preSolution
		Debug|Any CPU = Debug|Any CPU
		Release|Any CPU = Release|Any CPU
	EndGlobalSection
	GlobalSection(ProjectConfigurationPlatforms) = postSolution
		{97F1AA2A-E4C9-488E-BD9C-3AC6D9031C5B}.Debug|Any CPU.ActiveCfg = Debug|Any CPU
		{97F1AA2A-E4C9-488E-BD9C-3AC6D9031C5B}.Debug|Any CPU.Build.0 = Debug|Any CPU
		{97F1AA2A-E4C9-488E-BD9C-3AC6D9031C5B}.Release|Any CPU.ActiveCfg = Release|Any CPU
		{97F1AA2A-E4C9-488E-BD9C-3AC6D9031C5B}.Release|Any CPU.Build.0 = Release|Any CPU
		{CBE61FFD-E34F-4AC0-8079-030082EF8E30}.Debug|Any CPU.ActiveCfg = Debug|Any CPU
		{CBE61FFD-E34F-4AC0-8079-030082EF8E30}.Debug|Any CPU.Build.0 = Debug|Any CPU
		{CBE61FFD-E34F-4AC0-8079-030082EF8E30}.Release|Any CPU.ActiveCfg = Release|Any CPU
		{CBE61FFD-E34F-4AC0-8079-030082EF8E30}.Release|Any CPU.Build.0 = Release|Any CPU
	EndGlobalSection
	GlobalSection(SolutionProperties) = preSolution
		HideSolutionNode = FALSE
	EndGlobalSection
	GlobalSection(ExtensibilityGlobals) = postSolution
		SolutionGuid = {D7A3F870-96B8-4057-9B42-474B5769BB4A}
	EndGlobalSection
EndGlobal
